// !$*UTF8*$!
{
	archiveVersion = 1;
	classes = {
	};
	objectVersion = 46;
	objects = {

/* Begin PBXBuildFile section */
		2C2F892D1B9893AC002F4F4A /* AppDelegate.swift in Sources */ = {isa = PBXBuildFile; fileRef = 2C2F892C1B9893AC002F4F4A /* AppDelegate.swift */; };
		2C2F892F1B9893AC002F4F4A /* GameController.swift in Sources */ = {isa = PBXBuildFile; fileRef = 2C2F892E1B9893AC002F4F4A /* GameController.swift */; };
		2C2F89321B9893AC002F4F4A /* Main.storyboard in Resources */ = {isa = PBXBuildFile; fileRef = 2C2F89301B9893AC002F4F4A /* Main.storyboard */; };
		2C2F89341B9893AC002F4F4A /* Assets.xcassets in Resources */ = {isa = PBXBuildFile; fileRef = 2C2F89331B9893AC002F4F4A /* Assets.xcassets */; };
		2C2F89371B9893AC002F4F4A /* LaunchScreen.storyboard in Resources */ = {isa = PBXBuildFile; fileRef = 2C2F89351B9893AC002F4F4A /* LaunchScreen.storyboard */; };
		2C2F89421B9893AC002F4F4A /* TeamBlackSimonSaysTests.swift in Sources */ = {isa = PBXBuildFile; fileRef = 2C2F89411B9893AC002F4F4A /* TeamBlackSimonSaysTests.swift */; };
		2C2F894D1B9893AC002F4F4A /* TeamBlackSimonSaysUITests.swift in Sources */ = {isa = PBXBuildFile; fileRef = 2C2F894C1B9893AC002F4F4A /* TeamBlackSimonSaysUITests.swift */; };
		2CC031971B98A090000BA48C /* SimonGame.swift in Sources */ = {isa = PBXBuildFile; fileRef = 2CC031961B98A090000BA48C /* SimonGame.swift */; settings = {ASSET_TAGS = (); }; };
		2CC031991B98A14E000BA48C /* SimonColor.swift in Sources */ = {isa = PBXBuildFile; fileRef = 2CC031981B98A14E000BA48C /* SimonColor.swift */; settings = {ASSET_TAGS = (); }; };
		2CC0319B1B98A1B3000BA48C /* SimonEvaluator.swift in Sources */ = {isa = PBXBuildFile; fileRef = 2CC0319A1B98A1B3000BA48C /* SimonEvaluator.swift */; settings = {ASSET_TAGS = (); }; };
		2CC031A21B98A52B000BA48C /* UIColorExtension.swift in Sources */ = {isa = PBXBuildFile; fileRef = 2CC031A11B98A52B000BA48C /* UIColorExtension.swift */; settings = {ASSET_TAGS = (); }; };
/* End PBXBuildFile section */

/* Begin PBXContainerItemProxy section */
		2C2F893E1B9893AC002F4F4A /* PBXContainerItemProxy */ = {
			isa = PBXContainerItemProxy;
			containerPortal = 2C2F89211B9893AC002F4F4A /* Project object */;
			proxyType = 1;
			remoteGlobalIDString = 2C2F89281B9893AC002F4F4A;
			remoteInfo = TeamBlackSimonSays;
		};
		2C2F89491B9893AC002F4F4A /* PBXContainerItemProxy */ = {
			isa = PBXContainerItemProxy;
			containerPortal = 2C2F89211B9893AC002F4F4A /* Project object */;
			proxyType = 1;
			remoteGlobalIDString = 2C2F89281B9893AC002F4F4A;
			remoteInfo = TeamBlackSimonSays;
		};
/* End PBXContainerItemProxy section */

/* Begin PBXFileReference section */
		2C2F89291B9893AC002F4F4A /* TeamBlackSimonSays.app */ = {isa = PBXFileReference; explicitFileType = wrapper.application; includeInIndex = 0; path = TeamBlackSimonSays.app; sourceTree = BUILT_PRODUCTS_DIR; };
		2C2F892C1B9893AC002F4F4A /* AppDelegate.swift */ = {isa = PBXFileReference; lastKnownFileType = sourcecode.swift; path = AppDelegate.swift; sourceTree = "<group>"; };
		2C2F892E1B9893AC002F4F4A /* GameController.swift */ = {isa = PBXFileReference; lastKnownFileType = sourcecode.swift; path = GameController.swift; sourceTree = "<group>"; };
		2C2F89311B9893AC002F4F4A /* Base */ = {isa = PBXFileReference; lastKnownFileType = file.storyboard; name = Base; path = Base.lproj/Main.storyboard; sourceTree = "<group>"; };
		2C2F89331B9893AC002F4F4A /* Assets.xcassets */ = {isa = PBXFileReference; lastKnownFileType = folder.assetcatalog; path = Assets.xcassets; sourceTree = "<group>"; };
		2C2F89361B9893AC002F4F4A /* Base */ = {isa = PBXFileReference; lastKnownFileType = file.storyboard; name = Base; path = Base.lproj/LaunchScreen.storyboard; sourceTree = "<group>"; };
		2C2F89381B9893AC002F4F4A /* Info.plist */ = {isa = PBXFileReference; lastKnownFileType = text.plist.xml; path = Info.plist; sourceTree = "<group>"; };
		2C2F893D1B9893AC002F4F4A /* TeamBlackSimonSaysTests.xctest */ = {isa = PBXFileReference; explicitFileType = wrapper.cfbundle; includeInIndex = 0; path = TeamBlackSimonSaysTests.xctest; sourceTree = BUILT_PRODUCTS_DIR; };
		2C2F89411B9893AC002F4F4A /* TeamBlackSimonSaysTests.swift */ = {isa = PBXFileReference; lastKnownFileType = sourcecode.swift; path = TeamBlackSimonSaysTests.swift; sourceTree = "<group>"; };
		2C2F89431B9893AC002F4F4A /* Info.plist */ = {isa = PBXFileReference; lastKnownFileType = text.plist.xml; path = Info.plist; sourceTree = "<group>"; };
		2C2F89481B9893AC002F4F4A /* TeamBlackSimonSaysUITests.xctest */ = {isa = PBXFileReference; explicitFileType = wrapper.cfbundle; includeInIndex = 0; path = TeamBlackSimonSaysUITests.xctest; sourceTree = BUILT_PRODUCTS_DIR; };
		2C2F894C1B9893AC002F4F4A /* TeamBlackSimonSaysUITests.swift */ = {isa = PBXFileReference; lastKnownFileType = sourcecode.swift; path = TeamBlackSimonSaysUITests.swift; sourceTree = "<group>"; };
		2C2F894E1B9893AC002F4F4A /* Info.plist */ = {isa = PBXFileReference; lastKnownFileType = text.plist.xml; path = Info.plist; sourceTree = "<group>"; };
		2CC031961B98A090000BA48C /* SimonGame.swift */ = {isa = PBXFileReference; fileEncoding = 4; lastKnownFileType = sourcecode.swift; path = SimonGame.swift; sourceTree = "<group>"; };
		2CC031981B98A14E000BA48C /* SimonColor.swift */ = {isa = PBXFileReference; fileEncoding = 4; lastKnownFileType = sourcecode.swift; path = SimonColor.swift; sourceTree = "<group>"; };
		2CC0319A1B98A1B3000BA48C /* SimonEvaluator.swift */ = {isa = PBXFileReference; fileEncoding = 4; lastKnownFileType = sourcecode.swift; path = SimonEvaluator.swift; sourceTree = "<group>"; };
		2CC031A11B98A52B000BA48C /* UIColorExtension.swift */ = {isa = PBXFileReference; fileEncoding = 4; lastKnownFileType = sourcecode.swift; path = UIColorExtension.swift; sourceTree = "<group>"; };
/* End PBXFileReference section */

/* Begin PBXFrameworksBuildPhase section */
		2C2F89261B9893AC002F4F4A /* Frameworks */ = {
			isa = PBXFrameworksBuildPhase;
			buildActionMask = 2147483647;
			files = (
			);
			runOnlyForDeploymentPostprocessing = 0;
		};
		2C2F893A1B9893AC002F4F4A /* Frameworks */ = {
			isa = PBXFrameworksBuildPhase;
			buildActionMask = 2147483647;
			files = (
			);
			runOnlyForDeploymentPostprocessing = 0;
		};
		2C2F89451B9893AC002F4F4A /* Frameworks */ = {
			isa = PBXFrameworksBuildPhase;
			buildActionMask = 2147483647;
			files = (
			);
			runOnlyForDeploymentPostprocessing = 0;
		};
/* End PBXFrameworksBuildPhase section */

/* Begin PBXGroup section */
		2C2F89201B9893AC002F4F4A = {
			isa = PBXGroup;
			children = (
				2C2F892B1B9893AC002F4F4A /* TeamBlackSimonSays */,
				2C2F89401B9893AC002F4F4A /* TeamBlackSimonSaysTests */,
				2C2F894B1B9893AC002F4F4A /* TeamBlackSimonSaysUITests */,
				2C2F892A1B9893AC002F4F4A /* Products */,
			);
			sourceTree = "<group>";
		};
		2C2F892A1B9893AC002F4F4A /* Products */ = {
			isa = PBXGroup;
			children = (
				2C2F89291B9893AC002F4F4A /* TeamBlackSimonSays.app */,
				2C2F893D1B9893AC002F4F4A /* TeamBlackSimonSaysTests.xctest */,
				2C2F89481B9893AC002F4F4A /* TeamBlackSimonSaysUITests.xctest */,
			);
			name = Products;
			sourceTree = "<group>";
		};
		2C2F892B1B9893AC002F4F4A /* TeamBlackSimonSays */ = {
			isa = PBXGroup;
			children = (
				2CC031A01B98A513000BA48C /* ExtensionHelpers */,
				2CC0319F1B98A506000BA48C /* SimonLogic */,
				2C2F892C1B9893AC002F4F4A /* AppDelegate.swift */,
				2C2F892E1B9893AC002F4F4A /* GameController.swift */,
				2C2F89301B9893AC002F4F4A /* Main.storyboard */,
				2C2F89331B9893AC002F4F4A /* Assets.xcassets */,
				2C2F89351B9893AC002F4F4A /* LaunchScreen.storyboard */,
				2C2F89381B9893AC002F4F4A /* Info.plist */,
			);
			path = TeamBlackSimonSays;
			sourceTree = "<group>";
		};
		2C2F89401B9893AC002F4F4A /* TeamBlackSimonSaysTests */ = {
			isa = PBXGroup;
			children = (
				2C2F89411B9893AC002F4F4A /* TeamBlackSimonSaysTests.swift */,
				2C2F89431B9893AC002F4F4A /* Info.plist */,
			);
			path = TeamBlackSimonSaysTests;
			sourceTree = "<group>";
		};
		2C2F894B1B9893AC002F4F4A /* TeamBlackSimonSaysUITests */ = {
			isa = PBXGroup;
			children = (
				2C2F894C1B9893AC002F4F4A /* TeamBlackSimonSaysUITests.swift */,
				2C2F894E1B9893AC002F4F4A /* Info.plist */,
			);
			path = TeamBlackSimonSaysUITests;
			sourceTree = "<group>";
		};
		2CC0319F1B98A506000BA48C /* SimonLogic */ = {
			isa = PBXGroup;
			children = (
				2CC031961B98A090000BA48C /* SimonGame.swift */,
				2CC031981B98A14E000BA48C /* SimonColor.swift */,
				2CC0319A1B98A1B3000BA48C /* SimonEvaluator.swift */,
			);
			name = SimonLogic;
			sourceTree = "<group>";
		};
		2CC031A01B98A513000BA48C /* ExtensionHelpers */ = {
			isa = PBXGroup;
			children = (
				2CC031A11B98A52B000BA48C /* UIColorExtension.swift */,
			);
			name = ExtensionHelpers;
			sourceTree = "<group>";
		};
/* End PBXGroup section */

/* Begin PBXNativeTarget section */
		2C2F89281B9893AC002F4F4A /* TeamBlackSimonSays */ = {
			isa = PBXNativeTarget;
			buildConfigurationList = 2C2F89511B9893AC002F4F4A /* Build configuration list for PBXNativeTarget "TeamBlackSimonSays" */;
			buildPhases = (
				2C2F89251B9893AC002F4F4A /* Sources */,
				2C2F89261B9893AC002F4F4A /* Frameworks */,
				2C2F89271B9893AC002F4F4A /* Resources */,
			);
			buildRules = (
			);
			dependencies = (
			);
			name = TeamBlackSimonSays;
			productName = TeamBlackSimonSays;
			productReference = 2C2F89291B9893AC002F4F4A /* TeamBlackSimonSays.app */;
			productType = "com.apple.product-type.application";
		};
		2C2F893C1B9893AC002F4F4A /* TeamBlackSimonSaysTests */ = {
			isa = PBXNativeTarget;
			buildConfigurationList = 2C2F89541B9893AC002F4F4A /* Build configuration list for PBXNativeTarget "TeamBlackSimonSaysTests" */;
			buildPhases = (
				2C2F89391B9893AC002F4F4A /* Sources */,
				2C2F893A1B9893AC002F4F4A /* Frameworks */,
				2C2F893B1B9893AC002F4F4A /* Resources */,
			);
			buildRules = (
			);
			dependencies = (
				2C2F893F1B9893AC002F4F4A /* PBXTargetDependency */,
			);
			name = TeamBlackSimonSaysTests;
			productName = TeamBlackSimonSaysTests;
			productReference = 2C2F893D1B9893AC002F4F4A /* TeamBlackSimonSaysTests.xctest */;
			productType = "com.apple.product-type.bundle.unit-test";
		};
		2C2F89471B9893AC002F4F4A /* TeamBlackSimonSaysUITests */ = {
			isa = PBXNativeTarget;
			buildConfigurationList = 2C2F89571B9893AC002F4F4A /* Build configuration list for PBXNativeTarget "TeamBlackSimonSaysUITests" */;
			buildPhases = (
				2C2F89441B9893AC002F4F4A /* Sources */,
				2C2F89451B9893AC002F4F4A /* Frameworks */,
				2C2F89461B9893AC002F4F4A /* Resources */,
			);
			buildRules = (
			);
			dependencies = (
				2C2F894A1B9893AC002F4F4A /* PBXTargetDependency */,
			);
			name = TeamBlackSimonSaysUITests;
			productName = TeamBlackSimonSaysUITests;
			productReference = 2C2F89481B9893AC002F4F4A /* TeamBlackSimonSaysUITests.xctest */;
			productType = "com.apple.product-type.bundle.ui-testing";
		};
/* End PBXNativeTarget section */

/* Begin PBXProject section */
		2C2F89211B9893AC002F4F4A /* Project object */ = {
			isa = PBXProject;
			attributes = {
				LastUpgradeCheck = 0700;
				ORGANIZATIONNAME = "Gabilheri Apps";
				TargetAttributes = {
					2C2F89281B9893AC002F4F4A = {
						CreatedOnToolsVersion = 7.0;
					};
					2C2F893C1B9893AC002F4F4A = {
						CreatedOnToolsVersion = 7.0;
						TestTargetID = 2C2F89281B9893AC002F4F4A;
					};
					2C2F89471B9893AC002F4F4A = {
						CreatedOnToolsVersion = 7.0;
						TestTargetID = 2C2F89281B9893AC002F4F4A;
					};
				};
			};
			buildConfigurationList = 2C2F89241B9893AC002F4F4A /* Build configuration list for PBXProject "TeamBlackSimonSays" */;
			compatibilityVersion = "Xcode 3.2";
			developmentRegion = English;
			hasScannedForEncodings = 0;
			knownRegions = (
				en,
				Base,
			);
			mainGroup = 2C2F89201B9893AC002F4F4A;
			productRefGroup = 2C2F892A1B9893AC002F4F4A /* Products */;
			projectDirPath = "";
			projectRoot = "";
			targets = (
				2C2F89281B9893AC002F4F4A /* TeamBlackSimonSays */,
				2C2F893C1B9893AC002F4F4A /* TeamBlackSimonSaysTests */,
				2C2F89471B9893AC002F4F4A /* TeamBlackSimonSaysUITests */,
			);
		};
/* End PBXProject section */

/* Begin PBXResourcesBuildPhase section */
		2C2F89271B9893AC002F4F4A /* Resources */ = {
			isa = PBXResourcesBuildPhase;
			buildActionMask = 2147483647;
			files = (
				2C2F89371B9893AC002F4F4A /* LaunchScreen.storyboard in Resources */,
				2C2F89341B9893AC002F4F4A /* Assets.xcassets in Resources */,
				2C2F89321B9893AC002F4F4A /* Main.storyboard in Resources */,
			);
			runOnlyForDeploymentPostprocessing = 0;
		};
		2C2F893B1B9893AC002F4F4A /* Resources */ = {
			isa = PBXResourcesBuildPhase;
			buildActionMask = 2147483647;
			files = (
			);
			runOnlyForDeploymentPostprocessing = 0;
		};
		2C2F89461B9893AC002F4F4A /* Resources */ = {
			isa = PBXResourcesBuildPhase;
			buildActionMask = 2147483647;
			files = (
			);
			runOnlyForDeploymentPostprocessing = 0;
		};
/* End PBXResourcesBuildPhase section */

/* Begin PBXSourcesBuildPhase section */
		2C2F89251B9893AC002F4F4A /* Sources */ = {
			isa = PBXSourcesBuildPhase;
			buildActionMask = 2147483647;
			files = (
				2CC031A21B98A52B000BA48C /* UIColorExtension.swift in Sources */,
				2CC031991B98A14E000BA48C /* SimonColor.swift in Sources */,
				2CC031971B98A090000BA48C /* SimonGame.swift in Sources */,
				2C2F892F1B9893AC002F4F4A /* GameController.swift in Sources */,
				2CC0319B1B98A1B3000BA48C /* SimonEvaluator.swift in Sources */,
				2C2F892D1B9893AC002F4F4A /* AppDelegate.swift in Sources */,
			);
			runOnlyForDeploymentPostprocessing = 0;
		};
		2C2F89391B9893AC002F4F4A /* Sources */ = {
			isa = PBXSourcesBuildPhase;
			buildActionMask = 2147483647;
			files = (
				2C2F89421B9893AC002F4F4A /* TeamBlackSimonSaysTests.swift in Sources */,
			);
			runOnlyForDeploymentPostprocessing = 0;
		};
		2C2F89441B9893AC002F4F4A /* Sources */ = {
			isa = PBXSourcesBuildPhase;
			buildActionMask = 2147483647;
			files = (
				2C2F894D1B9893AC002F4F4A /* TeamBlackSimonSaysUITests.swift in Sources */,
			);
			runOnlyForDeploymentPostprocessing = 0;
		};
/* End PBXSourcesBuildPhase section */

/* Begin PBXTargetDependency section */
		2C2F893F1B9893AC002F4F4A /* PBXTargetDependency */ = {
			isa = PBXTargetDependency;
			target = 2C2F89281B9893AC002F4F4A /* TeamBlackSimonSays */;
			targetProxy = 2C2F893E1B9893AC002F4F4A /* PBXContainerItemProxy */;
		};
		2C2F894A1B9893AC002F4F4A /* PBXTargetDependency */ = {
			isa = PBXTargetDependency;
			target = 2C2F89281B9893AC002F4F4A /* TeamBlackSimonSays */;
			targetProxy = 2C2F89491B9893AC002F4F4A /* PBXContainerItemProxy */;
		};
/* End PBXTargetDependency section */

/* Begin PBXVariantGroup section */
		2C2F89301B9893AC002F4F4A /* Main.storyboard */ = {
			isa = PBXVariantGroup;
			children = (
				2C2F89311B9893AC002F4F4A /* Base */,
			);
			name = Main.storyboard;
			sourceTree = "<group>";
		};
		2C2F89351B9893AC002F4F4A /* LaunchScreen.storyboard */ = {
			isa = PBXVariantGroup;
			children = (
				2C2F89361B9893AC002F4F4A /* Base */,
			);
			name = LaunchScreen.storyboard;
			sourceTree = "<group>";
		};
/* End PBXVariantGroup section */

/* Begin XCBuildConfiguration section */
		2C2F894F1B9893AC002F4F4A /* Debug */ = {
			isa = XCBuildConfiguration;
			buildSettings = {
				ALWAYS_SEARCH_USER_PATHS = NO;
				CLANG_CXX_LANGUAGE_STANDARD = "gnu++0x";
				CLANG_CXX_LIBRARY = "libc++";
				CLANG_ENABLE_MODULES = YES;
				CLANG_ENABLE_OBJC_ARC = YES;
				CLANG_WARN_BOOL_CONVERSION = YES;
				CLANG_WARN_CONSTANT_CONVERSION = YES;
				CLANG_WARN_DIRECT_OBJC_ISA_USAGE = YES_ERROR;
				CLANG_WARN_EMPTY_BODY = YES;
				CLANG_WARN_ENUM_CONVERSION = YES;
				CLANG_WARN_INT_CONVERSION = YES;
				CLANG_WARN_OBJC_ROOT_CLASS = YES_ERROR;
				CLANG_WARN_UNREACHABLE_CODE = YES;
				CLANG_WARN__DUPLICATE_METHOD_MATCH = YES;
				"CODE_SIGN_IDENTITY[sdk=iphoneos*]" = "iPhone Developer";
				COPY_PHASE_STRIP = NO;
				DEBUG_INFORMATION_FORMAT = dwarf;
				ENABLE_STRICT_OBJC_MSGSEND = YES;
				ENABLE_TESTABILITY = YES;
				GCC_C_LANGUAGE_STANDARD = gnu99;
				GCC_DYNAMIC_NO_PIC = NO;
				GCC_NO_COMMON_BLOCKS = YES;
				GCC_OPTIMIZATION_LEVEL = 0;
				GCC_PREPROCESSOR_DEFINITIONS = (
					"DEBUG=1",
					"$(inherited)",
				);
				GCC_WARN_64_TO_32_BIT_CONVERSION = YES;
				GCC_WARN_ABOUT_RETURN_TYPE = YES_ERROR;
				GCC_WARN_UNDECLARED_SELECTOR = YES;
				GCC_WARN_UNINITIALIZED_AUTOS = YES_AGGRESSIVE;
				GCC_WARN_UNUSED_FUNCTION = YES;
				GCC_WARN_UNUSED_VARIABLE = YES;
				IPHONEOS_DEPLOYMENT_TARGET = 9.0;
				MTL_ENABLE_DEBUG_INFO = YES;
				ONLY_ACTIVE_ARCH = YES;
				SDKROOT = iphoneos;
				SWIFT_OPTIMIZATION_LEVEL = "-Onone";
			};
			name = Debug;
		};
		2C2F89501B9893AC002F4F4A /* Release */ = {
			isa = XCBuildConfiguration;
			buildSettings = {
				ALWAYS_SEARCH_USER_PATHS = NO;
				CLANG_CXX_LANGUAGE_STANDARD = "gnu++0x";
				CLANG_CXX_LIBRARY = "libc++";
				CLANG_ENABLE_MODULES = YES;
				CLANG_ENABLE_OBJC_ARC = YES;
				CLANG_WARN_BOOL_CONVERSION = YES;
				CLANG_WARN_CONSTANT_CONVERSION = YES;
				CLANG_WARN_DIRECT_OBJC_ISA_USAGE = YES_ERROR;
				CLANG_WARN_EMPTY_BODY = YES;
				CLANG_WARN_ENUM_CONVERSION = YES;
				CLANG_WARN_INT_CONVERSION = YES;
				CLANG_WARN_OBJC_ROOT_CLASS = YES_ERROR;
				CLANG_WARN_UNREACHABLE_CODE = YES;
				CLANG_WARN__DUPLICATE_METHOD_MATCH = YES;
				"CODE_SIGN_IDENTITY[sdk=iphoneos*]" = "iPhone Developer";
				COPY_PHASE_STRIP = NO;
				DEBUG_INFORMATION_FORMAT = "dwarf-with-dsym";
				ENABLE_NS_ASSERTIONS = NO;
				ENABLE_STRICT_OBJC_MSGSEND = YES;
				GCC_C_LANGUAGE_STANDARD = gnu99;
				GCC_NO_COMMON_BLOCKS = YES;
				GCC_WARN_64_TO_32_BIT_CONVERSION = YES;
				GCC_WARN_ABOUT_RETURN_TYPE = YES_ERROR;
				GCC_WARN_UNDECLARED_SELECTOR = YES;
				GCC_WARN_UNINITIALIZED_AUTOS = YES_AGGRESSIVE;
				GCC_WARN_UNUSED_FUNCTION = YES;
				GCC_WARN_UNUSED_VARIABLE = YES;
				IPHONEOS_DEPLOYMENT_TARGET = 9.0;
				MTL_ENABLE_DEBUG_INFO = NO;
				SDKROOT = iphoneos;
				VALIDATE_PRODUCT = YES;
			};
			name = Release;
		};
		2C2F89521B9893AC002F4F4A /* Debug */ = {
			isa = XCBuildConfiguration;
			buildSettings = {
				ASSETCATALOG_COMPILER_APPICON_NAME = AppIcon;
				INFOPLIST_FILE = TeamBlackSimonSays/Info.plist;
				LD_RUNPATH_SEARCH_PATHS = "$(inherited) @executable_path/Frameworks";
				PRODUCT_BUNDLE_IDENTIFIER = com.blackteam.TeamBlackSimonSays;
				PRODUCT_NAME = "$(TARGET_NAME)";
			};
			name = Debug;
		};
		2C2F89531B9893AC002F4F4A /* Release */ = {
			isa = XCBuildConfiguration;
			buildSettings = {
				ASSETCATALOG_COMPILER_APPICON_NAME = AppIcon;
				INFOPLIST_FILE = TeamBlackSimonSays/Info.plist;
				LD_RUNPATH_SEARCH_PATHS = "$(inherited) @executable_path/Frameworks";
				PRODUCT_BUNDLE_IDENTIFIER = com.blackteam.TeamBlackSimonSays;
				PRODUCT_NAME = "$(TARGET_NAME)";
			};
			name = Release;
		};
		2C2F89551B9893AC002F4F4A /* Debug */ = {
			isa = XCBuildConfiguration;
			buildSettings = {
				BUNDLE_LOADER = "$(TEST_HOST)";
				INFOPLIST_FILE = TeamBlackSimonSaysTests/Info.plist;
				LD_RUNPATH_SEARCH_PATHS = "$(inherited) @executable_path/Frameworks @loader_path/Frameworks";
				PRODUCT_BUNDLE_IDENTIFIER = com.blackteam.TeamBlackSimonSaysTests;
				PRODUCT_NAME = "$(TARGET_NAME)";
				TEST_HOST = "$(BUILT_PRODUCTS_DIR)/TeamBlackSimonSays.app/TeamBlackSimonSays";
			};
			name = Debug;
		};
		2C2F89561B9893AC002F4F4A /* Release */ = {
			isa = XCBuildConfiguration;
			buildSettings = {
				BUNDLE_LOADER = "$(TEST_HOST)";
				INFOPLIST_FILE = TeamBlackSimonSaysTests/Info.plist;
				LD_RUNPATH_SEARCH_PATHS = "$(inherited) @executable_path/Frameworks @loader_path/Frameworks";
				PRODUCT_BUNDLE_IDENTIFIER = com.blackteam.TeamBlackSimonSaysTests;
				PRODUCT_NAME = "$(TARGET_NAME)";
				TEST_HOST = "$(BUILT_PRODUCTS_DIR)/TeamBlackSimonSays.app/TeamBlackSimonSays";
			};
			name = Release;
		};
		2C2F89581B9893AC002F4F4A /* Debug */ = {
			isa = XCBuildConfiguration;
			buildSettings = {
				INFOPLIST_FILE = TeamBlackSimonSaysUITests/Info.plist;
				LD_RUNPATH_SEARCH_PATHS = "$(inherited) @executable_path/Frameworks @loader_path/Frameworks";
				PRODUCT_BUNDLE_IDENTIFIER = com.blackteam.TeamBlackSimonSaysUITests;
				PRODUCT_NAME = "$(TARGET_NAME)";
				TEST_TARGET_NAME = TeamBlackSimonSays;
				USES_XCTRUNNER = YES;
			};
			name = Debug;
		};
		2C2F89591B9893AC002F4F4A /* Release */ = {
			isa = XCBuildConfiguration;
			buildSettings = {
				INFOPLIST_FILE = TeamBlackSimonSaysUITests/Info.plist;
				LD_RUNPATH_SEARCH_PATHS = "$(inherited) @executable_path/Frameworks @loader_path/Frameworks";
				PRODUCT_BUNDLE_IDENTIFIER = com.blackteam.TeamBlackSimonSaysUITests;
				PRODUCT_NAME = "$(TARGET_NAME)";
				TEST_TARGET_NAME = TeamBlackSimonSays;
				USES_XCTRUNNER = YES;
			};
			name = Release;
		};
/* End XCBuildConfiguration section */

/* Begin XCConfigurationList section */
		2C2F89241B9893AC002F4F4A /* Build configuration list for PBXProject "TeamBlackSimonSays" */ = {
			isa = XCConfigurationList;
			buildConfigurations = (
				2C2F894F1B9893AC002F4F4A /* Debug */,
				2C2F89501B9893AC002F4F4A /* Release */,
			);
			defaultConfigurationIsVisible = 0;
			defaultConfigurationName = Release;
		};
		2C2F89511B9893AC002F4F4A /* Build configuration list for PBXNativeTarget "TeamBlackSimonSays" */ = {
			isa = XCConfigurationList;
			buildConfigurations = (
				2C2F89521B9893AC002F4F4A /* Debug */,
				2C2F89531B9893AC002F4F4A /* Release */,
			);
			defaultConfigurationIsVisible = 0;
			defaultConfigurationName = Release;
		};
		2C2F89541B9893AC002F4F4A /* Build configuration list for PBXNativeTarget "TeamBlackSimonSaysTests" */ = {
			isa = XCConfigurationList;
			buildConfigurations = (
				2C2F89551B9893AC002F4F4A /* Debug */,
				2C2F89561B9893AC002F4F4A /* Release */,
			);
			defaultConfigurationIsVisible = 0;
			defaultConfigurationName = Release;
		};
		2C2F89571B9893AC002F4F4A /* Build configuration list for PBXNativeTarget "TeamBlackSimonSaysUITests" */ = {
			isa = XCConfigurationList;
			buildConfigurations = (
				2C2F89581B9893AC002F4F4A /* Debug */,
				2C2F89591B9893AC002F4F4A /* Release */,
			);
			defaultConfigurationIsVisible = 0;
			defaultConfigurationName = Release;
		};
/* End XCConfigurationList section */
	};
	rootObject = 2C2F89211B9893AC002F4F4A /* Project object */;
}
